
Microsoft Visual Studio Solution File, Format Version 12.00
# Visual Studio Version 17
VisualStudioVersion = 17.8.34322.80
MinimumVisualStudioVersion = 10.0.40219.1
Project("{9A19103F-16F7-4668-BE54-9A1E7A4F7556}") = "azure-function-keyvault", "azure-function-keyvault\azure-function-keyvault.csproj", "{5E73A819-B9B9-459A-A216-CA3ED2E0FA53}"
EndProject
Project("{FAE04EC0-301F-11D3-BF4B-00C04F79EFBC}") = "web-api-keyvault", "web-api-keyvault\web-api-keyvault.csproj", "{7EF25D63-9EEF-492A-B5E6-FF2D956AE8E1}"
EndProject
Global
	GlobalSection(SolutionConfigurationPlatforms) = preSolution
		Debug|Any CPU = Debug|Any CPU
		Release|Any CPU = Release|Any CPU
	EndGlobalSection
	GlobalSection(ProjectConfigurationPlatforms) = postSolution
		{5E73A819-B9B9-459A-A216-CA3ED2E0FA53}.Debug|Any CPU.ActiveCfg = Debug|Any CPU
		{5E73A819-B9B9-459A-A216-CA3ED2E0FA53}.Debug|Any CPU.Build.0 = Debug|Any CPU
		{5E73A819-B9B9-459A-A216-CA3ED2E0FA53}.Release|Any CPU.ActiveCfg = Release|Any CPU
		{5E73A819-B9B9-459A-A216-CA3ED2E0FA53}.Release|Any CPU.Build.0 = Release|Any CPU
		{7EF25D63-9EEF-492A-B5E6-FF2D956AE8E1}.Debug|Any CPU.ActiveCfg = Debug|Any CPU
		{7EF25D63-9EEF-492A-B5E6-FF2D956AE8E1}.Debug|Any CPU.Build.0 = Debug|Any CPU
		{7EF25D63-9EEF-492A-B5E6-FF2D956AE8E1}.Release|Any CPU.ActiveCfg = Release|Any CPU
		{7EF25D63-9EEF-492A-B5E6-FF2D956AE8E1}.Release|Any CPU.Build.0 = Release|Any CPU
	EndGlobalSection
	GlobalSection(SolutionProperties) = preSolution
		HideSolutionNode = FALSE
	EndGlobalSection
	GlobalSection(ExtensibilityGlobals) = postSolution
		SolutionGuid = {EEB66100-0ECD-4546-855C-43CE7692E465}
	EndGlobalSection
EndGlobal
